
Microsoft Visual Studio Solution File, Format Version 12.00
# Visual Studio Version 17
VisualStudioVersion = 17.14.36511.14 d17.14
MinimumVisualStudioVersion = 10.0.40219.1
Project("{FAE04EC0-301F-11D3-BF4B-00C04F79EFBC}") = "Airline Reservation", "Airline Reservation\Airline Reservation.csproj", "{96802229-78E4-4E68-9531-94715BF5E775}"
EndProject
Global
	GlobalSection(SolutionConfigurationPlatforms) = preSolution
		Debug|Any CPU = Debug|Any CPU
		Release|Any CPU = Release|Any CPU
	EndGlobalSection
	GlobalSection(ProjectConfigurationPlatforms) = postSolution
		{96802229-78E4-4E68-9531-94715BF5E775}.Debug|Any CPU.ActiveCfg = Debug|Any CPU
		{96802229-78E4-4E68-9531-94715BF5E775}.Debug|Any CPU.Build.0 = Debug|Any CPU
		{96802229-78E4-4E68-9531-94715BF5E775}.Release|Any CPU.ActiveCfg = Release|Any CPU
		{96802229-78E4-4E68-9531-94715BF5E775}.Release|Any CPU.Build.0 = Release|Any CPU
	EndGlobalSection
	GlobalSection(SolutionProperties) = preSolution
		HideSolutionNode = FALSE
	EndGlobalSection
	GlobalSection(ExtensibilityGlobals) = postSolution
		SolutionGuid = {0A54D52F-7901-469A-B902-19381DB12A4F}
	EndGlobalSection
EndGlobal
